{
  "version": 4,
  "terraform_version": "1.13.3",
  "serial": 237,
  "lineage": "6d2d3ce0-9ea5-755e-836b-861a416384fd",
  "outputs": {
    "agent_curate_endpoint": {
      "value": "https://rbf04f5hud.execute-api.ap-southeast-2.amazonaws.com/agent/curate",
      "type": "string"
    },
    "all_endpoints": {
      "value": {
        "agent_curate": "https://rbf04f5hud.execute-api.ap-southeast-2.amazonaws.com/agent/curate",
        "hippocampus_api": "https://rbf04f5hud.execute-api.ap-southeast-2.amazonaws.com",
        "insert": "https://rbf04f5hud.execute-api.ap-southeast-2.amazonaws.com/insert",
        "safety_agent": "https://rbf04f5hud.execute-api.ap-southeast-2.amazonaws.com/agent/safety",
        "search": "https://rbf04f5hud.execute-api.ap-southeast-2.amazonaws.com/search"
      },
      "type": [
        "object",
        {
          "agent_curate": "string",
          "hippocampus_api": "string",
          "insert": "string",
          "safety_agent": "string",
          "search": "string"
        }
      ]
    },
    "api_endpoint": {
      "value": "https://rbf04f5hud.execute-api.ap-southeast-2.amazonaws.com",
      "type": "string"
    },
    "efs_id": {
      "value": "fs-0699dad54848b8209",
      "type": "string"
    },
    "s3_bucket": {
      "value": "hippocampus-12345",
      "type": "string"
    },
    "safety_agent_endpoint": {
      "value": "https://rbf04f5hud.execute-api.ap-southeast-2.amazonaws.com/agent/safety",
      "type": "string"
    }
  },
  "resources": [
    {
      "mode": "data",
      "type": "archive_file",
      "name": "lambda_zip",
      "provider": "provider[\"registry.terraform.io/hashicorp/archive\"]",
      "instances": [
        {
          "schema_version": 0,
          "attributes": {
            "exclude_symlink_directories": null,
            "excludes": null,
            "id": "c10caf9fa2f42e126f4ddf6bf545f4092c743a70",
            "output_base64sha256": "K1t622uBD1XRPI+49DqLb0XKqczF5+Nkv/8bFXrnSfc=",
            "output_base64sha512": "dHdZ6hJvj4tNEmXmwPgtJNnOvoz8HzS7NexE/aZpV97mVGjDrbM18YtL3lMumkC2Lj4Kfz9TlBmHKmnPz3G42g==",
            "output_file_mode": null,
            "output_md5": "5a96829264ee68ad884f73e53815d693",
            "output_path": "./lambda.zip",
            "output_sha": "c10caf9fa2f42e126f4ddf6bf545f4092c743a70",
            "output_sha256": "2b5b7adb6b810f55d13c8fb8f43a8b6f45caa9ccc5e7e364bfff1b157ae749f7",
            "output_sha512": "747759ea126f8f8b4d1265e6c0f82d24d9cebe8cfc1f34bb35ec44fda66957dee65468c3adb335f18b4bde532e9a40b62e3e0a7f3f539419872a69cfcf71b8da",
            "output_size": 11003103,
            "source": [],
            "source_content": null,
            "source_content_filename": null,
            "source_dir": null,
            "source_file": "./bootstrap",
            "type": "zip"
          },
          "sensitive_attributes": [],
          "identity_schema_version": 0
        }
      ]
    },
    {
      "mode": "managed",
      "type": "aws_efs_access_point",
      "name": "agents",
      "provider": "provider[\"registry.terraform.io/hashicorp/aws\"]",
      "instances": [
        {
          "schema_version": 0,
          "attributes": {
            "arn": "arn:aws:elasticfilesystem:ap-southeast-2:446180656014:access-point/fsap-04463d34515b936b5",
            "file_system_arn": "arn:aws:elasticfilesystem:ap-southeast-2:446180656014:file-system/fs-0699dad54848b8209",
            "file_system_id": "fs-0699dad54848b8209",
            "id": "fsap-04463d34515b936b5",
            "owner_id": "446180656014",
            "posix_user": [
              {
                "gid": 1000,
                "secondary_gids": [],
                "uid": 1000
              }
            ],
            "root_directory": [
              {
                "creation_info": [
                  {
                    "owner_gid": 1000,
                    "owner_uid": 1000,
                    "permissions": "755"
                  }
                ],
                "path": "/agents"
              }
            ],
            "tags": {
              "Name": "hippocampus-agents-access-point"
            },
            "tags_all": {
              "Name": "hippocampus-agents-access-point"
            }
          },
          "sensitive_attributes": [],
          "identity_schema_version": 0,
          "private": "bnVsbA==",
          "dependencies": [
            "aws_efs_file_system.agents"
          ]
        }
      ]
    },
    {
      "mode": "managed",
      "type": "aws_efs_file_system",
      "name": "agents",
      "provider": "provider[\"registry.terraform.io/hashicorp/aws\"]",
      "instances": [
        {
          "schema_version": 0,
          "attributes": {
            "arn": "arn:aws:elasticfilesystem:ap-southeast-2:446180656014:file-system/fs-0699dad54848b8209",
            "availability_zone_id": "",
            "availability_zone_name": "",
            "creation_token": "hippocampus-agents",
            "dns_name": "fs-0699dad54848b8209.efs.ap-southeast-2.amazonaws.com",
            "encrypted": false,
            "id": "fs-0699dad54848b8209",
            "kms_key_id": "",
            "lifecycle_policy": [
              {
                "transition_to_archive": "",
                "transition_to_ia": "AFTER_30_DAYS",
                "transition_to_primary_storage_class": ""
              }
            ],
            "name": "hippocampus-agents",
            "number_of_mount_targets": 2,
            "owner_id": "446180656014",
            "performance_mode": "generalPurpose",
            "protection": [
              {
                "replication_overwrite": "ENABLED"
              }
            ],
            "provisioned_throughput_in_mibps": 0,
            "size_in_bytes": [
              {
                "value": 225280,
                "value_in_ia": 0,
                "value_in_standard": 225280
              }
            ],
            "tags": {
              "Name": "hippocampus-agents"
            },
            "tags_all": {
              "Name": "hippocampus-agents"
            },
            "throughput_mode": "bursting"
          },
          "sensitive_attributes": [],
          "identity_schema_version": 0,
          "private": "bnVsbA=="
        }
      ]
    },
    {
      "mode": "managed",
      "type": "aws_efs_mount_target",
      "name": "agents_a",
      "provider": "provider[\"registry.terraform.io/hashicorp/aws\"]",
      "instances": [
        {
          "schema_version": 0,
          "attributes": {
            "availability_zone_id": "apse2-az3",
            "availability_zone_name": "ap-southeast-2a",
            "dns_name": "fs-0699dad54848b8209.efs.ap-southeast-2.amazonaws.com",
            "file_system_arn": "arn:aws:elasticfilesystem:ap-southeast-2:446180656014:file-system/fs-0699dad54848b8209",
            "file_system_id": "fs-0699dad54848b8209",
            "id": "fsmt-0c5f21a74d99c6f8c",
            "ip_address": "10.0.3.5",
            "mount_target_dns_name": "ap-southeast-2a.fs-0699dad54848b8209.efs.ap-southeast-2.amazonaws.com",
            "network_interface_id": "eni-0ff41f59260a02d82",
            "owner_id": "446180656014",
            "security_groups": [
              "sg-0ced3f1113e5cf89a"
            ],
            "subnet_id": "subnet-087b5db17fecba227",
            "timeouts": null
          },
          "sensitive_attributes": [],
          "identity_schema_version": 0,
          "private": "eyJlMmJmYjczMC1lY2FhLTExZTYtOGY4OC0zNDM2M2JjN2M0YzAiOnsiY3JlYXRlIjoxODAwMDAwMDAwMDAwLCJkZWxldGUiOjYwMDAwMDAwMDAwMH19",
          "dependencies": [
            "aws_efs_file_system.agents",
            "aws_security_group.efs_sg",
            "aws_security_group.lambda_sg",
            "aws_subnet.private_a",
            "aws_vpc.main"
          ]
        }
      ]
    },
    {
      "mode": "managed",
      "type": "aws_efs_mount_target",
      "name": "agents_b",
      "provider": "provider[\"registry.terraform.io/hashicorp/aws\"]",
      "instances": [
        {
          "schema_version": 0,
          "attributes": {
            "availability_zone_id": "apse2-az1",
            "availability_zone_name": "ap-southeast-2b",
            "dns_name": "fs-0699dad54848b8209.efs.ap-southeast-2.amazonaws.com",
            "file_system_arn": "arn:aws:elasticfilesystem:ap-southeast-2:446180656014:file-system/fs-0699dad54848b8209",
            "file_system_id": "fs-0699dad54848b8209",
            "id": "fsmt-00b732d116c30ce16",
            "ip_address": "10.0.4.224",
            "mount_target_dns_name": "ap-southeast-2b.fs-0699dad54848b8209.efs.ap-southeast-2.amazonaws.com",
            "network_interface_id": "eni-0564a927cba202819",
            "owner_id": "446180656014",
            "security_groups": [
              "sg-0ced3f1113e5cf89a"
            ],
            "subnet_id": "subnet-00dc6594bb6abddb7",
            "timeouts": null
          },
          "sensitive_attributes": [],
          "identity_schema_version": 0,
          "private": "eyJlMmJmYjczMC1lY2FhLTExZTYtOGY4OC0zNDM2M2JjN2M0YzAiOnsiY3JlYXRlIjoxODAwMDAwMDAwMDAwLCJkZWxldGUiOjYwMDAwMDAwMDAwMH19",
          "dependencies": [
            "aws_efs_file_system.agents",
            "aws_security_group.efs_sg",
            "aws_security_group.lambda_sg",
            "aws_subnet.private_b",
            "aws_vpc.main"
          ]
        }
      ]
    },
    {
      "mode": "managed",
      "type": "aws_eip",
      "name": "nat",
      "provider": "provider[\"registry.terraform.io/hashicorp/aws\"]",
      "instances": [
        {
          "schema_version": 0,
          "attributes": {
            "address": null,
            "allocation_id": "eipalloc-0815660bbfea851df",
            "arn": "arn:aws:ec2:ap-southeast-2:446180656014:elastic-ip/eipalloc-0815660bbfea851df",
            "associate_with_private_ip": null,
            "association_id": "eipassoc-047ac7e2c506dd2de",
            "carrier_ip": "",
            "customer_owned_ip": "",
            "customer_owned_ipv4_pool": "",
            "domain": "vpc",
            "id": "eipalloc-0815660bbfea851df",
            "instance": "",
            "ipam_pool_id": null,
            "network_border_group": "ap-southeast-2",
            "network_interface": "eni-0d99b69f56cde90c0",
            "private_dns": "ip-10-0-1-105.ap-southeast-2.compute.internal",
            "private_ip": "10.0.1.105",
            "ptr_record": "",
            "public_dns": "ec2-52-65-34-143.ap-southeast-2.compute.amazonaws.com",
            "public_ip": "52.65.34.143",
            "public_ipv4_pool": "amazon",
            "tags": {
              "Name": "hippocampus-nat-eip"
            },
            "tags_all": {
              "Name": "hippocampus-nat-eip"
            },
            "timeouts": null,
            "vpc": true
          },
          "sensitive_attributes": [],
          "identity_schema_version": 0,
          "private": "eyJlMmJmYjczMC1lY2FhLTExZTYtOGY4OC0zNDM2M2JjN2M0YzAiOnsiZGVsZXRlIjoxODAwMDAwMDAwMDAsInJlYWQiOjkwMDAwMDAwMDAwMCwidXBkYXRlIjozMDAwMDAwMDAwMDB9fQ==",
          "dependencies": [
            "aws_internet_gateway.main",
            "aws_vpc.main"
          ]
        }
      ]
    },
    {
      "mode": "managed",
      "type": "aws_iam_policy",
      "name": "lambda_secrets_policy",
      "provider": "provider[\"registry.terraform.io/hashicorp/aws\"]",
      "instances": [
        {
          "schema_version": 0,
          "attributes": {
            "arn": "arn:aws:iam::446180656014:policy/hippocampus_lambda_secrets_policy",
            "attachment_count": 1,
            "description": "",
            "id": "arn:aws:iam::446180656014:policy/hippocampus_lambda_secrets_policy",
            "name": "hippocampus_lambda_secrets_policy",
            "name_prefix": "",
            "path": "/",
            "policy": "{\"Statement\":[{\"Action\":[\"secretsmanager:GetSecretValue\"],\"Effect\":\"Allow\",\"Resource\":\"arn:aws:secretsmanager:ap-southeast-2:446180656014:secret:hippocampus_lambda_url-TVhErx\"}],\"Version\":\"2012-10-17\"}",
            "policy_id": "ANPAWPYTQQOHEQMRVIQPW",
            "tags": {},
            "tags_all": {}
          },
          "sensitive_attributes": [],
          "identity_schema_version": 0,
          "private": "bnVsbA==",
          "dependencies": [
            "aws_secretsmanager_secret.lambda_url"
          ]
        }
      ]
    },
    {
      "mode": "managed",
      "type": "aws_iam_role",
      "name": "lambda_role",
      "provider": "provider[\"registry.terraform.io/hashicorp/aws\"]",
      "instances": [
        {
          "schema_version": 0,
          "attributes": {
            "arn": "arn:aws:iam::446180656014:role/hippocampus_lambda_role",
            "assume_role_policy": "{\"Statement\":[{\"Action\":\"sts:AssumeRole\",\"Effect\":\"Allow\",\"Principal\":{\"Service\":\"lambda.amazonaws.com\"}}],\"Version\":\"2012-10-17\"}",
            "create_date": "2025-10-21T15:19:58Z",
            "description": "",
            "force_detach_policies": false,
            "id": "hippocampus_lambda_role",
            "inline_policy": [
              {
                "name": "hippocampus_lambda_bedrock_policy",
                "policy": "{\"Version\":\"2012-10-17\",\"Statement\":[{\"Action\":[\"bedrock:InvokeModel\",\"bedrock:InvokeModelWithResponseStream\"],\"Effect\":\"Allow\",\"Resource\":\"*\"}]}"
              },
              {
                "name": "hippocampus_lambda_efs_policy",
                "policy": "{\"Version\":\"2012-10-17\",\"Statement\":[{\"Action\":[\"elasticfilesystem:ClientMount\",\"elasticfilesystem:ClientWrite\",\"elasticfilesystem:DescribeMountTargets\"],\"Effect\":\"Allow\",\"Resource\":\"arn:aws:elasticfilesystem:ap-southeast-2:446180656014:file-system/fs-0699dad54848b8209\"}]}"
              },
              {
                "name": "hippocampus_lambda_s3_policy",
                "policy": "{\"Version\":\"2012-10-17\",\"Statement\":[{\"Action\":[\"s3:GetObject\",\"s3:PutObject\",\"s3:DeleteObject\"],\"Effect\":\"Allow\",\"Resource\":\"arn:aws:s3:::hippocampus-12345/*\"},{\"Action\":[\"s3:ListBucket\"],\"Effect\":\"Allow\",\"Resource\":\"arn:aws:s3:::hippocampus-12345\"}]}"
              }
            ],
            "managed_policy_arns": [
              "arn:aws:iam::446180656014:policy/hippocampus_lambda_secrets_policy",
              "arn:aws:iam::aws:policy/service-role/AWSLambdaBasicExecutionRole",
              "arn:aws:iam::aws:policy/service-role/AWSLambdaVPCAccessExecutionRole"
            ],
            "max_session_duration": 3600,
            "name": "hippocampus_lambda_role",
            "name_prefix": "",
            "path": "/",
            "permissions_boundary": "",
            "tags": {},
            "tags_all": {},
            "unique_id": "AROAWPYTQQOHAYHUD4UYS"
          },
          "sensitive_attributes": [],
          "identity_schema_version": 0,
          "private": "bnVsbA=="
        }
      ]
    },
    {
      "mode": "managed",
      "type": "aws_iam_role_policy",
      "name": "lambda_bedrock_policy",
      "provider": "provider[\"registry.terraform.io/hashicorp/aws\"]",
      "instances": [
        {
          "schema_version": 0,
          "attributes": {
            "id": "hippocampus_lambda_role:hippocampus_lambda_bedrock_policy",
            "name": "hippocampus_lambda_bedrock_policy",
            "name_prefix": "",
            "policy": "{\"Version\":\"2012-10-17\",\"Statement\":[{\"Action\":[\"bedrock:InvokeModel\",\"bedrock:InvokeModelWithResponseStream\"],\"Effect\":\"Allow\",\"Resource\":\"*\"}]}",
            "role": "hippocampus_lambda_role"
          },
          "sensitive_attributes": [],
          "identity_schema_version": 0,
          "private": "bnVsbA==",
          "dependencies": [
            "aws_iam_role.lambda_role"
          ]
        }
      ]
    },
    {
      "mode": "managed",
      "type": "aws_iam_role_policy",
      "name": "lambda_efs_policy",
      "provider": "provider[\"registry.terraform.io/hashicorp/aws\"]",
      "instances": [
        {
          "schema_version": 0,
          "attributes": {
            "id": "hippocampus_lambda_role:hippocampus_lambda_efs_policy",
            "name": "hippocampus_lambda_efs_policy",
            "name_prefix": "",
            "policy": "{\"Version\":\"2012-10-17\",\"Statement\":[{\"Action\":[\"elasticfilesystem:ClientMount\",\"elasticfilesystem:ClientWrite\",\"elasticfilesystem:DescribeMountTargets\"],\"Effect\":\"Allow\",\"Resource\":\"arn:aws:elasticfilesystem:ap-southeast-2:446180656014:file-system/fs-0699dad54848b8209\"}]}",
            "role": "hippocampus_lambda_role"
          },
          "sensitive_attributes": [],
          "identity_schema_version": 0,
          "private": "bnVsbA==",
          "dependencies": [
            "aws_efs_file_system.agents",
            "aws_iam_role.lambda_role"
          ]
        }
      ]
    },
    {
      "mode": "managed",
      "type": "aws_iam_role_policy",
      "name": "lambda_s3_policy",
      "provider": "provider[\"registry.terraform.io/hashicorp/aws\"]",
      "instances": [
        {
          "schema_version": 0,
          "attributes": {
            "id": "hippocampus_lambda_role:hippocampus_lambda_s3_policy",
            "name": "hippocampus_lambda_s3_policy",
            "name_prefix": "",
            "policy": "{\"Version\":\"2012-10-17\",\"Statement\":[{\"Action\":[\"s3:GetObject\",\"s3:PutObject\",\"s3:DeleteObject\"],\"Effect\":\"Allow\",\"Resource\":\"arn:aws:s3:::hippocampus-12345/*\"},{\"Action\":[\"s3:ListBucket\"],\"Effect\":\"Allow\",\"Resource\":\"arn:aws:s3:::hippocampus-12345\"}]}",
            "role": "hippocampus_lambda_role"
          },
          "sensitive_attributes": [],
          "identity_schema_version": 0,
          "private": "bnVsbA==",
          "dependencies": [
            "aws_iam_role.lambda_role",
            "aws_s3_bucket.hippocampus_data"
          ]
        }
      ]
    },
    {
      "mode": "managed",
      "type": "aws_iam_role_policy_attachment",
      "name": "lambda_basic",
      "provider": "provider[\"registry.terraform.io/hashicorp/aws\"]",
      "instances": [
        {
          "schema_version": 0,
          "attributes": {
            "id": "hippocampus_lambda_role-20251021152000001900000001",
            "policy_arn": "arn:aws:iam::aws:policy/service-role/AWSLambdaBasicExecutionRole",
            "role": "hippocampus_lambda_role"
          },
          "sensitive_attributes": [],
          "identity_schema_version": 0,
          "private": "bnVsbA==",
          "dependencies": [
            "aws_iam_role.lambda_role"
          ]
        }
      ]
    },
    {
      "mode": "managed",
      "type": "aws_iam_role_policy_attachment",
      "name": "lambda_secrets_attach",
      "provider": "provider[\"registry.terraform.io/hashicorp/aws\"]",
      "instances": [
        {
          "schema_version": 0,
          "attributes": {
            "id": "hippocampus_lambda_role-20251022223046376100000003",
            "policy_arn": "arn:aws:iam::446180656014:policy/hippocampus_lambda_secrets_policy",
            "role": "hippocampus_lambda_role"
          },
          "sensitive_attributes": [],
          "identity_schema_version": 0,
          "private": "bnVsbA==",
          "dependencies": [
            "aws_iam_policy.lambda_secrets_policy",
            "aws_iam_role.lambda_role",
            "aws_secretsmanager_secret.lambda_url"
          ]
        }
      ]
    },
    {
      "mode": "managed",
      "type": "aws_iam_role_policy_attachment",
      "name": "lambda_vpc",
      "provider": "provider[\"registry.terraform.io/hashicorp/aws\"]",
      "instances": [
        {
          "schema_version": 0,
          "attributes": {
            "id": "hippocampus_lambda_role-20251021152000349900000002",
            "policy_arn": "arn:aws:iam::aws:policy/service-role/AWSLambdaVPCAccessExecutionRole",
            "role": "hippocampus_lambda_role"
          },
          "sensitive_attributes": [],
          "identity_schema_version": 0,
          "private": "bnVsbA==",
          "dependencies": [
            "aws_iam_role.lambda_role"
          ]
        }
      ]
    },
    {
      "mode": "managed",
      "type": "aws_internet_gateway",
      "name": "main",
      "provider": "provider[\"registry.terraform.io/hashicorp/aws\"]",
      "instances": [
        {
          "schema_version": 0,
          "attributes": {
            "arn": "arn:aws:ec2:ap-southeast-2:446180656014:internet-gateway/igw-0f0459efbe8f9da75",
            "id": "igw-0f0459efbe8f9da75",
            "owner_id": "446180656014",
            "tags": {
              "Name": "hippocampus-igw"
            },
            "tags_all": {
              "Name": "hippocampus-igw"
            },
            "timeouts": null,
            "vpc_id": "vpc-0e26113328d613ca0"
          },
          "sensitive_attributes": [],
          "identity_schema_version": 0,
          "private": "eyJlMmJmYjczMC1lY2FhLTExZTYtOGY4OC0zNDM2M2JjN2M0YzAiOnsiY3JlYXRlIjoxMjAwMDAwMDAwMDAwLCJkZWxldGUiOjEyMDAwMDAwMDAwMDAsInVwZGF0ZSI6MTIwMDAwMDAwMDAwMH19",
          "dependencies": [
            "aws_vpc.main"
          ]
        }
      ]
    },
    {
      "mode": "managed",
      "type": "aws_lambda_function",
      "name": "hippocampus",
      "provider": "provider[\"registry.terraform.io/hashicorp/aws\"]",
      "instances": [
        {
          "schema_version": 0,
          "attributes": {
            "architectures": [
              "x86_64"
            ],
            "arn": "arn:aws:lambda:ap-southeast-2:446180656014:function:hippocampus",
            "code_sha256": "K1t622uBD1XRPI+49DqLb0XKqczF5+Nkv/8bFXrnSfc=",
            "code_signing_config_arn": "",
            "dead_letter_config": [],
            "description": "",
            "environment": [
              {
                "variables": {
                  "EFS_PATH": "/mnt/efs/agents",
                  "LAMBDA_SECRET": "arn:aws:secretsmanager:ap-southeast-2:446180656014:secret:hippocampus_lambda_url-TVhErx",
                  "S3_BUCKET": "hippocampus-12345"
                }
              }
            ],
            "ephemeral_storage": [
              {
                "size": 2048
              }
            ],
            "file_system_config": [
              {
                "arn": "arn:aws:elasticfilesystem:ap-southeast-2:446180656014:access-point/fsap-04463d34515b936b5",
                "local_mount_path": "/mnt/efs"
              }
            ],
            "filename": "./lambda.zip",
            "function_name": "hippocampus",
            "handler": "bootstrap",
            "id": "hippocampus",
            "image_config": [],
            "image_uri": "",
            "invoke_arn": "arn:aws:apigateway:ap-southeast-2:lambda:path/2015-03-31/functions/arn:aws:lambda:ap-southeast-2:446180656014:function:hippocampus/invocations",
            "kms_key_arn": "",
            "last_modified": "2025-10-22T22:30:55.000+0000",
            "layers": [],
            "logging_config": [
              {
                "application_log_level": "",
                "log_format": "Text",
                "log_group": "/aws/lambda/hippocampus",
                "system_log_level": ""
              }
            ],
            "memory_size": 1024,
            "package_type": "Zip",
            "publish": false,
            "qualified_arn": "arn:aws:lambda:ap-southeast-2:446180656014:function:hippocampus:$LATEST",
            "qualified_invoke_arn": "arn:aws:apigateway:ap-southeast-2:lambda:path/2015-03-31/functions/arn:aws:lambda:ap-southeast-2:446180656014:function:hippocampus:$LATEST/invocations",
            "replace_security_groups_on_destroy": null,
            "replacement_security_group_ids": null,
            "reserved_concurrent_executions": -1,
            "role": "arn:aws:iam::446180656014:role/hippocampus_lambda_role",
            "runtime": "provided.al2023",
            "s3_bucket": null,
            "s3_key": null,
            "s3_object_version": null,
            "signing_job_arn": "",
            "signing_profile_version_arn": "",
            "skip_destroy": false,
            "snap_start": [],
            "source_code_hash": "K1t622uBD1XRPI+49DqLb0XKqczF5+Nkv/8bFXrnSfc=",
            "source_code_size": 11003103,
            "tags": {},
            "tags_all": {},
            "timeout": 60,
            "timeouts": null,
            "tracing_config": [
              {
                "mode": "PassThrough"
              }
            ],
            "version": "$LATEST",
            "vpc_config": [
              {
                "ipv6_allowed_for_dual_stack": false,
                "security_group_ids": [
                  "sg-0c75d83f52e548e7b"
                ],
                "subnet_ids": [
                  "subnet-00dc6594bb6abddb7",
                  "subnet-087b5db17fecba227"
                ],
                "vpc_id": "vpc-0e26113328d613ca0"
              }
            ]
          },
          "sensitive_attributes": [],
          "identity_schema_version": 0,
          "private": "eyJlMmJmYjczMC1lY2FhLTExZTYtOGY4OC0zNDM2M2JjN2M0YzAiOnsiY3JlYXRlIjo2MDAwMDAwMDAwMDAsImRlbGV0ZSI6NjAwMDAwMDAwMDAwLCJ1cGRhdGUiOjYwMDAwMDAwMDAwMH19",
          "dependencies": [
            "aws_efs_access_point.agents",
            "aws_efs_file_system.agents",
            "aws_efs_mount_target.agents_a",
            "aws_efs_mount_target.agents_b",
            "aws_eip.nat",
            "aws_iam_role.lambda_role",
            "aws_internet_gateway.main",
            "aws_nat_gateway.main",
            "aws_s3_bucket.hippocampus_data",
            "aws_secretsmanager_secret.lambda_url",
            "aws_security_group.efs_sg",
            "aws_security_group.lambda_sg",
            "aws_subnet.private_a",
            "aws_subnet.private_b",
            "aws_subnet.public_a",
            "aws_vpc.main",
            "data.archive_file.lambda_zip"
          ]
        }
      ]
    },
    {
      "mode": "managed",
      "type": "aws_nat_gateway",
      "name": "main",
      "provider": "provider[\"registry.terraform.io/hashicorp/aws\"]",
      "instances": [
        {
          "schema_version": 0,
          "attributes": {
            "allocation_id": "eipalloc-0815660bbfea851df",
            "association_id": "eipassoc-047ac7e2c506dd2de",
            "connectivity_type": "public",
            "id": "nat-0d999be4ccf55cede",
            "network_interface_id": "eni-0d99b69f56cde90c0",
            "private_ip": "10.0.1.105",
            "public_ip": "52.65.34.143",
            "secondary_allocation_ids": [],
            "secondary_private_ip_address_count": 0,
            "secondary_private_ip_addresses": [],
            "subnet_id": "subnet-075aa7dcb7223773b",
            "tags": {
              "Name": "hippocampus-nat"
            },
            "tags_all": {
              "Name": "hippocampus-nat"
            },
            "timeouts": null
          },
          "sensitive_attributes": [],
          "identity_schema_version": 0,
          "private": "eyJlMmJmYjczMC1lY2FhLTExZTYtOGY4OC0zNDM2M2JjN2M0YzAiOnsiY3JlYXRlIjo2MDAwMDAwMDAwMDAsImRlbGV0ZSI6MTgwMDAwMDAwMDAwMCwidXBkYXRlIjo2MDAwMDAwMDAwMDB9fQ==",
          "dependencies": [
            "aws_eip.nat",
            "aws_internet_gateway.main",
            "aws_subnet.public_a",
            "aws_vpc.main"
          ]
        }
      ]
    },
    {
      "mode": "managed",
      "type": "aws_route",
      "name": "private_nat",
      "provider": "provider[\"registry.terraform.io/hashicorp/aws\"]",
      "instances": [
        {
          "schema_version": 0,
          "attributes": {
            "carrier_gateway_id": "",
            "core_network_arn": "",
            "destination_cidr_block": "0.0.0.0/0",
            "destination_ipv6_cidr_block": "",
            "destination_prefix_list_id": "",
            "egress_only_gateway_id": "",
            "gateway_id": "",
            "id": "r-rtb-02d6e16d491486f761080289494",
            "instance_id": "",
            "instance_owner_id": "",
            "local_gateway_id": "",
            "nat_gateway_id": "nat-0d999be4ccf55cede",
            "network_interface_id": "",
            "origin": "CreateRoute",
            "route_table_id": "rtb-02d6e16d491486f76",
            "state": "active",
            "timeouts": null,
            "transit_gateway_id": "",
            "vpc_endpoint_id": "",
            "vpc_peering_connection_id": ""
          },
          "sensitive_attributes": [],
          "identity_schema_version": 0,
          "private": "eyJlMmJmYjczMC1lY2FhLTExZTYtOGY4OC0zNDM2M2JjN2M0YzAiOnsiY3JlYXRlIjozMDAwMDAwMDAwMDAsImRlbGV0ZSI6MzAwMDAwMDAwMDAwLCJ1cGRhdGUiOjEyMDAwMDAwMDAwMH19",
          "dependencies": [
            "aws_eip.nat",
            "aws_internet_gateway.main",
            "aws_nat_gateway.main",
            "aws_route_table.private",
            "aws_subnet.public_a",
            "aws_vpc.main"
          ]
        }
      ]
    },
    {
      "mode": "managed",
      "type": "aws_route",
      "name": "public_internet",
      "provider": "provider[\"registry.terraform.io/hashicorp/aws\"]",
      "instances": [
        {
          "schema_version": 0,
          "attributes": {
            "carrier_gateway_id": "",
            "core_network_arn": "",
            "destination_cidr_block": "0.0.0.0/0",
            "destination_ipv6_cidr_block": "",
            "destination_prefix_list_id": "",
            "egress_only_gateway_id": "",
            "gateway_id": "igw-0f0459efbe8f9da75",
            "id": "r-rtb-05f918630b1fd0e861080289494",
            "instance_id": "",
            "instance_owner_id": "",
            "local_gateway_id": "",
            "nat_gateway_id": "",
            "network_interface_id": "",
            "origin": "CreateRoute",
            "route_table_id": "rtb-05f918630b1fd0e86",
            "state": "active",
            "timeouts": null,
            "transit_gateway_id": "",
            "vpc_endpoint_id": "",
            "vpc_peering_connection_id": ""
          },
          "sensitive_attributes": [],
          "identity_schema_version": 0,
          "private": "eyJlMmJmYjczMC1lY2FhLTExZTYtOGY4OC0zNDM2M2JjN2M0YzAiOnsiY3JlYXRlIjozMDAwMDAwMDAwMDAsImRlbGV0ZSI6MzAwMDAwMDAwMDAwLCJ1cGRhdGUiOjEyMDAwMDAwMDAwMH19",
          "dependencies": [
            "aws_internet_gateway.main",
            "aws_route_table.public",
            "aws_vpc.main"
          ]
        }
      ]
    },
    {
      "mode": "managed",
      "type": "aws_route_table",
      "name": "private",
      "provider": "provider[\"registry.terraform.io/hashicorp/aws\"]",
      "instances": [
        {
          "schema_version": 0,
          "attributes": {
            "arn": "arn:aws:ec2:ap-southeast-2:446180656014:route-table/rtb-02d6e16d491486f76",
            "id": "rtb-02d6e16d491486f76",
            "owner_id": "446180656014",
            "propagating_vgws": [],
            "route": [
              {
                "carrier_gateway_id": "",
                "cidr_block": "0.0.0.0/0",
                "core_network_arn": "",
                "destination_prefix_list_id": "",
                "egress_only_gateway_id": "",
                "gateway_id": "",
                "ipv6_cidr_block": "",
                "local_gateway_id": "",
                "nat_gateway_id": "nat-0d999be4ccf55cede",
                "network_interface_id": "",
                "transit_gateway_id": "",
                "vpc_endpoint_id": "",
                "vpc_peering_connection_id": ""
              }
            ],
            "tags": {
              "Name": "hippocampus-private-rt"
            },
            "tags_all": {
              "Name": "hippocampus-private-rt"
            },
            "timeouts": null,
            "vpc_id": "vpc-0e26113328d613ca0"
          },
          "sensitive_attributes": [],
          "identity_schema_version": 0,
          "private": "eyJlMmJmYjczMC1lY2FhLTExZTYtOGY4OC0zNDM2M2JjN2M0YzAiOnsiY3JlYXRlIjozMDAwMDAwMDAwMDAsImRlbGV0ZSI6MzAwMDAwMDAwMDAwLCJ1cGRhdGUiOjEyMDAwMDAwMDAwMH19",
          "dependencies": [
            "aws_vpc.main"
          ]
        }
      ]
    },
    {
      "mode": "managed",
      "type": "aws_route_table",
      "name": "public",
      "provider": "provider[\"registry.terraform.io/hashicorp/aws\"]",
      "instances": [
        {
          "schema_version": 0,
          "attributes": {
            "arn": "arn:aws:ec2:ap-southeast-2:446180656014:route-table/rtb-05f918630b1fd0e86",
            "id": "rtb-05f918630b1fd0e86",
            "owner_id": "446180656014",
            "propagating_vgws": [],
            "route": [
              {
                "carrier_gateway_id": "",
                "cidr_block": "0.0.0.0/0",
                "core_network_arn": "",
                "destination_prefix_list_id": "",
                "egress_only_gateway_id": "",
                "gateway_id": "igw-0f0459efbe8f9da75",
                "ipv6_cidr_block": "",
                "local_gateway_id": "",
                "nat_gateway_id": "",
                "network_interface_id": "",
                "transit_gateway_id": "",
                "vpc_endpoint_id": "",
                "vpc_peering_connection_id": ""
              }
            ],
            "tags": {
              "Name": "hippocampus-public-rt"
            },
            "tags_all": {
              "Name": "hippocampus-public-rt"
            },
            "timeouts": null,
            "vpc_id": "vpc-0e26113328d613ca0"
          },
          "sensitive_attributes": [],
          "identity_schema_version": 0,
          "private": "eyJlMmJmYjczMC1lY2FhLTExZTYtOGY4OC0zNDM2M2JjN2M0YzAiOnsiY3JlYXRlIjozMDAwMDAwMDAwMDAsImRlbGV0ZSI6MzAwMDAwMDAwMDAwLCJ1cGRhdGUiOjEyMDAwMDAwMDAwMH19",
          "dependencies": [
            "aws_vpc.main"
          ]
        }
      ]
    },
    {
      "mode": "managed",
      "type": "aws_route_table_association",
      "name": "private_a",
      "provider": "provider[\"registry.terraform.io/hashicorp/aws\"]",
      "instances": [
        {
          "schema_version": 0,
          "attributes": {
            "gateway_id": "",
            "id": "rtbassoc-05854abf765f481d7",
            "route_table_id": "rtb-02d6e16d491486f76",
            "subnet_id": "subnet-087b5db17fecba227",
            "timeouts": null
          },
          "sensitive_attributes": [],
          "identity_schema_version": 0,
          "private": "eyJlMmJmYjczMC1lY2FhLTExZTYtOGY4OC0zNDM2M2JjN2M0YzAiOnsiY3JlYXRlIjozMDAwMDAwMDAwMDAsImRlbGV0ZSI6MzAwMDAwMDAwMDAwLCJ1cGRhdGUiOjEyMDAwMDAwMDAwMH19",
          "dependencies": [
            "aws_route_table.private",
            "aws_subnet.private_a",
            "aws_vpc.main"
          ]
        }
      ]
    },
    {
      "mode": "managed",
      "type": "aws_route_table_association",
      "name": "private_b",
      "provider": "provider[\"registry.terraform.io/hashicorp/aws\"]",
      "instances": [
        {
          "schema_version": 0,
          "attributes": {
            "gateway_id": "",
            "id": "rtbassoc-09e69e7c4b62712cd",
            "route_table_id": "rtb-02d6e16d491486f76",
            "subnet_id": "subnet-00dc6594bb6abddb7",
            "timeouts": null
          },
          "sensitive_attributes": [],
          "identity_schema_version": 0,
          "private": "eyJlMmJmYjczMC1lY2FhLTExZTYtOGY4OC0zNDM2M2JjN2M0YzAiOnsiY3JlYXRlIjozMDAwMDAwMDAwMDAsImRlbGV0ZSI6MzAwMDAwMDAwMDAwLCJ1cGRhdGUiOjEyMDAwMDAwMDAwMH19",
          "dependencies": [
            "aws_route_table.private",
            "aws_subnet.private_b",
            "aws_vpc.main"
          ]
        }
      ]
    },
    {
      "mode": "managed",
      "type": "aws_route_table_association",
      "name": "public_a",
      "provider": "provider[\"registry.terraform.io/hashicorp/aws\"]",
      "instances": [
        {
          "schema_version": 0,
          "attributes": {
            "gateway_id": "",
            "id": "rtbassoc-05a1fb9cfd6d9af18",
            "route_table_id": "rtb-05f918630b1fd0e86",
            "subnet_id": "subnet-075aa7dcb7223773b",
            "timeouts": null
          },
          "sensitive_attributes": [],
          "identity_schema_version": 0,
          "private": "eyJlMmJmYjczMC1lY2FhLTExZTYtOGY4OC0zNDM2M2JjN2M0YzAiOnsiY3JlYXRlIjozMDAwMDAwMDAwMDAsImRlbGV0ZSI6MzAwMDAwMDAwMDAwLCJ1cGRhdGUiOjEyMDAwMDAwMDAwMH19",
          "dependencies": [
            "aws_route_table.public",
            "aws_subnet.public_a",
            "aws_vpc.main"
          ]
        }
      ]
    },
    {
      "mode": "managed",
      "type": "aws_route_table_association",
      "name": "public_b",
      "provider": "provider[\"registry.terraform.io/hashicorp/aws\"]",
      "instances": [
        {
          "schema_version": 0,
          "attributes": {
            "gateway_id": "",
            "id": "rtbassoc-06df871f0b129c89c",
            "route_table_id": "rtb-05f918630b1fd0e86",
            "subnet_id": "subnet-017687eb4df315c8d",
            "timeouts": null
          },
          "sensitive_attributes": [],
          "identity_schema_version": 0,
          "private": "eyJlMmJmYjczMC1lY2FhLTExZTYtOGY4OC0zNDM2M2JjN2M0YzAiOnsiY3JlYXRlIjozMDAwMDAwMDAwMDAsImRlbGV0ZSI6MzAwMDAwMDAwMDAwLCJ1cGRhdGUiOjEyMDAwMDAwMDAwMH19",
          "dependencies": [
            "aws_route_table.public",
            "aws_subnet.public_b",
            "aws_vpc.main"
          ]
        }
      ]
    },
    {
      "mode": "managed",
      "type": "aws_s3_bucket",
      "name": "hippocampus_data",
      "provider": "provider[\"registry.terraform.io/hashicorp/aws\"]",
      "instances": [
        {
          "schema_version": 0,
          "attributes": {
            "acceleration_status": "",
            "acl": null,
            "arn": "arn:aws:s3:::hippocampus-12345",
            "bucket": "hippocampus-12345",
            "bucket_domain_name": "hippocampus-12345.s3.amazonaws.com",
            "bucket_prefix": "",
            "bucket_regional_domain_name": "hippocampus-12345.s3.ap-southeast-2.amazonaws.com",
            "cors_rule": [],
            "force_destroy": false,
            "grant": [
              {
                "id": "168839ad6722f97b06086c2ddb57abf14f1fd768df0eff4067c40a2080982285",
                "permissions": [
                  "FULL_CONTROL"
                ],
                "type": "CanonicalUser",
                "uri": ""
              }
            ],
            "hosted_zone_id": "Z1WCIGYICN2BYD",
            "id": "hippocampus-12345",
            "lifecycle_rule": [],
            "logging": [],
            "object_lock_configuration": [],
            "object_lock_enabled": false,
            "policy": "",
            "region": "ap-southeast-2",
            "replication_configuration": [],
            "request_payer": "BucketOwner",
            "server_side_encryption_configuration": [
              {
                "rule": [
                  {
                    "apply_server_side_encryption_by_default": [
                      {
                        "kms_master_key_id": "",
                        "sse_algorithm": "AES256"
                      }
                    ],
                    "bucket_key_enabled": false
                  }
                ]
              }
            ],
            "tags": {},
            "tags_all": {},
            "timeouts": null,
            "versioning": [
              {
                "enabled": true,
                "mfa_delete": false
              }
            ],
            "website": [],
            "website_domain": null,
            "website_endpoint": null
          },
          "sensitive_attributes": [],
          "identity_schema_version": 0,
          "private": "eyJlMmJmYjczMC1lY2FhLTExZTYtOGY4OC0zNDM2M2JjN2M0YzAiOnsiY3JlYXRlIjoxMjAwMDAwMDAwMDAwLCJkZWxldGUiOjM2MDAwMDAwMDAwMDAsInJlYWQiOjEyMDAwMDAwMDAwMDAsInVwZGF0ZSI6MTIwMDAwMDAwMDAwMH19"
        }
      ]
    },
    {
      "mode": "managed",
      "type": "aws_s3_bucket_versioning",
      "name": "hippocampus_data",
      "provider": "provider[\"registry.terraform.io/hashicorp/aws\"]",
      "instances": [
        {
          "schema_version": 0,
          "attributes": {
            "bucket": "hippocampus-12345",
            "expected_bucket_owner": "",
            "id": "hippocampus-12345",
            "mfa": null,
            "versioning_configuration": [
              {
                "mfa_delete": "",
                "status": "Enabled"
              }
            ]
          },
          "sensitive_attributes": [],
          "identity_schema_version": 0,
          "private": "bnVsbA==",
          "dependencies": [
            "aws_s3_bucket.hippocampus_data"
          ]
        }
      ]
    },
    {
      "mode": "managed",
      "type": "aws_secretsmanager_secret",
      "name": "lambda_url",
      "provider": "provider[\"registry.terraform.io/hashicorp/aws\"]",
      "instances": [
        {
          "schema_version": 0,
          "attributes": {
            "arn": "arn:aws:secretsmanager:ap-southeast-2:446180656014:secret:hippocampus_lambda_url-TVhErx",
            "description": "Secret holding the internal API endpoint URL for Lambda",
            "force_overwrite_replica_secret": false,
            "id": "arn:aws:secretsmanager:ap-southeast-2:446180656014:secret:hippocampus_lambda_url-TVhErx",
            "kms_key_id": "",
            "name": "hippocampus_lambda_url",
            "name_prefix": "",
            "policy": "",
            "recovery_window_in_days": 30,
            "replica": [],
            "tags": {},
            "tags_all": {}
          },
          "sensitive_attributes": [],
          "identity_schema_version": 0,
          "private": "bnVsbA=="
        }
      ]
    },
    {
      "mode": "managed",
      "type": "aws_security_group",
      "name": "efs_sg",
      "provider": "provider[\"registry.terraform.io/hashicorp/aws\"]",
      "instances": [
        {
          "schema_version": 1,
          "attributes": {
            "arn": "arn:aws:ec2:ap-southeast-2:446180656014:security-group/sg-0ced3f1113e5cf89a",
            "description": "Security group for EFS",
            "egress": [
              {
                "cidr_blocks": [
                  "0.0.0.0/0"
                ],
                "description": "",
                "from_port": 0,
                "ipv6_cidr_blocks": [],
                "prefix_list_ids": [],
                "protocol": "-1",
                "security_groups": [],
                "self": false,
                "to_port": 0
              }
            ],
            "id": "sg-0ced3f1113e5cf89a",
            "ingress": [
              {
                "cidr_blocks": [],
                "description": "",
                "from_port": 2049,
                "ipv6_cidr_blocks": [],
                "prefix_list_ids": [],
                "protocol": "tcp",
                "security_groups": [
                  "sg-0c75d83f52e548e7b"
                ],
                "self": false,
                "to_port": 2049
              }
            ],
            "name": "hippocampus-efs-sg",
            "name_prefix": "",
            "owner_id": "446180656014",
            "revoke_rules_on_delete": false,
            "tags": {
              "Name": "hippocampus-efs-sg"
            },
            "tags_all": {
              "Name": "hippocampus-efs-sg"
            },
            "timeouts": null,
            "vpc_id": "vpc-0e26113328d613ca0"
          },
          "sensitive_attributes": [],
          "identity_schema_version": 0,
          "private": "eyJlMmJmYjczMC1lY2FhLTExZTYtOGY4OC0zNDM2M2JjN2M0YzAiOnsiY3JlYXRlIjo2MDAwMDAwMDAwMDAsImRlbGV0ZSI6OTAwMDAwMDAwMDAwfSwic2NoZW1hX3ZlcnNpb24iOiIxIn0=",
          "dependencies": [
            "aws_security_group.lambda_sg",
            "aws_vpc.main"
          ]
        }
      ]
    },
    {
      "mode": "managed",
      "type": "aws_security_group",
      "name": "lambda_sg",
      "provider": "provider[\"registry.terraform.io/hashicorp/aws\"]",
      "instances": [
        {
          "schema_version": 1,
          "attributes": {
            "arn": "arn:aws:ec2:ap-southeast-2:446180656014:security-group/sg-0c75d83f52e548e7b",
            "description": "Security group for Lambda function",
            "egress": [
              {
                "cidr_blocks": [
                  "0.0.0.0/0"
                ],
                "description": "",
                "from_port": 0,
                "ipv6_cidr_blocks": [],
                "prefix_list_ids": [],
                "protocol": "-1",
                "security_groups": [],
                "self": false,
                "to_port": 0
              }
            ],
            "id": "sg-0c75d83f52e548e7b",
            "ingress": [],
            "name": "hippocampus-lambda-sg",
            "name_prefix": "",
            "owner_id": "446180656014",
            "revoke_rules_on_delete": false,
            "tags": {
              "Name": "hippocampus-lambda-sg"
            },
            "tags_all": {
              "Name": "hippocampus-lambda-sg"
            },
            "timeouts": null,
            "vpc_id": "vpc-0e26113328d613ca0"
          },
          "sensitive_attributes": [],
          "identity_schema_version": 0,
          "private": "eyJlMmJmYjczMC1lY2FhLTExZTYtOGY4OC0zNDM2M2JjN2M0YzAiOnsiY3JlYXRlIjo2MDAwMDAwMDAwMDAsImRlbGV0ZSI6OTAwMDAwMDAwMDAwfSwic2NoZW1hX3ZlcnNpb24iOiIxIn0=",
          "dependencies": [
            "aws_vpc.main"
          ]
        }
      ]
    },
    {
      "mode": "managed",
      "type": "aws_subnet",
      "name": "private_a",
      "provider": "provider[\"registry.terraform.io/hashicorp/aws\"]",
      "instances": [
        {
          "schema_version": 1,
          "attributes": {
            "arn": "arn:aws:ec2:ap-southeast-2:446180656014:subnet/subnet-087b5db17fecba227",
            "assign_ipv6_address_on_creation": false,
            "availability_zone": "ap-southeast-2a",
            "availability_zone_id": "apse2-az3",
            "cidr_block": "10.0.3.0/24",
            "customer_owned_ipv4_pool": "",
            "enable_dns64": false,
            "enable_lni_at_device_index": 0,
            "enable_resource_name_dns_a_record_on_launch": false,
            "enable_resource_name_dns_aaaa_record_on_launch": false,
            "id": "subnet-087b5db17fecba227",
            "ipv6_cidr_block": "",
            "ipv6_cidr_block_association_id": "",
            "ipv6_native": false,
            "map_customer_owned_ip_on_launch": false,
            "map_public_ip_on_launch": false,
            "outpost_arn": "",
            "owner_id": "446180656014",
            "private_dns_hostname_type_on_launch": "ip-name",
            "tags": {
              "Name": "hippocampus-private-a"
            },
            "tags_all": {
              "Name": "hippocampus-private-a"
            },
            "timeouts": null,
            "vpc_id": "vpc-0e26113328d613ca0"
          },
          "sensitive_attributes": [],
          "identity_schema_version": 0,
          "private": "eyJlMmJmYjczMC1lY2FhLTExZTYtOGY4OC0zNDM2M2JjN2M0YzAiOnsiY3JlYXRlIjo2MDAwMDAwMDAwMDAsImRlbGV0ZSI6MTIwMDAwMDAwMDAwMH0sInNjaGVtYV92ZXJzaW9uIjoiMSJ9",
          "dependencies": [
            "aws_vpc.main"
          ]
        }
      ]
    },
    {
      "mode": "managed",
      "type": "aws_subnet",
      "name": "private_b",
      "provider": "provider[\"registry.terraform.io/hashicorp/aws\"]",
      "instances": [
        {
          "schema_version": 1,
          "attributes": {
            "arn": "arn:aws:ec2:ap-southeast-2:446180656014:subnet/subnet-00dc6594bb6abddb7",
            "assign_ipv6_address_on_creation": false,
            "availability_zone": "ap-southeast-2b",
            "availability_zone_id": "apse2-az1",
            "cidr_block": "10.0.4.0/24",
            "customer_owned_ipv4_pool": "",
            "enable_dns64": false,
            "enable_lni_at_device_index": 0,
            "enable_resource_name_dns_a_record_on_launch": false,
            "enable_resource_name_dns_aaaa_record_on_launch": false,
            "id": "subnet-00dc6594bb6abddb7",
            "ipv6_cidr_block": "",
            "ipv6_cidr_block_association_id": "",
            "ipv6_native": false,
            "map_customer_owned_ip_on_launch": false,
            "map_public_ip_on_launch": false,
            "outpost_arn": "",
            "owner_id": "446180656014",
            "private_dns_hostname_type_on_launch": "ip-name",
            "tags": {
              "Name": "hippocampus-private-b"
            },
            "tags_all": {
              "Name": "hippocampus-private-b"
            },
            "timeouts": null,
            "vpc_id": "vpc-0e26113328d613ca0"
          },
          "sensitive_attributes": [],
          "identity_schema_version": 0,
          "private": "eyJlMmJmYjczMC1lY2FhLTExZTYtOGY4OC0zNDM2M2JjN2M0YzAiOnsiY3JlYXRlIjo2MDAwMDAwMDAwMDAsImRlbGV0ZSI6MTIwMDAwMDAwMDAwMH0sInNjaGVtYV92ZXJzaW9uIjoiMSJ9",
          "dependencies": [
            "aws_vpc.main"
          ]
        }
      ]
    },
    {
      "mode": "managed",
      "type": "aws_subnet",
      "name": "public_a",
      "provider": "provider[\"registry.terraform.io/hashicorp/aws\"]",
      "instances": [
        {
          "schema_version": 1,
          "attributes": {
            "arn": "arn:aws:ec2:ap-southeast-2:446180656014:subnet/subnet-075aa7dcb7223773b",
            "assign_ipv6_address_on_creation": false,
            "availability_zone": "ap-southeast-2a",
            "availability_zone_id": "apse2-az3",
            "cidr_block": "10.0.1.0/24",
            "customer_owned_ipv4_pool": "",
            "enable_dns64": false,
            "enable_lni_at_device_index": 0,
            "enable_resource_name_dns_a_record_on_launch": false,
            "enable_resource_name_dns_aaaa_record_on_launch": false,
            "id": "subnet-075aa7dcb7223773b",
            "ipv6_cidr_block": "",
            "ipv6_cidr_block_association_id": "",
            "ipv6_native": false,
            "map_customer_owned_ip_on_launch": false,
            "map_public_ip_on_launch": true,
            "outpost_arn": "",
            "owner_id": "446180656014",
            "private_dns_hostname_type_on_launch": "ip-name",
            "tags": {
              "Name": "hippocampus-public-a"
            },
            "tags_all": {
              "Name": "hippocampus-public-a"
            },
            "timeouts": null,
            "vpc_id": "vpc-0e26113328d613ca0"
          },
          "sensitive_attributes": [],
          "identity_schema_version": 0,
          "private": "eyJlMmJmYjczMC1lY2FhLTExZTYtOGY4OC0zNDM2M2JjN2M0YzAiOnsiY3JlYXRlIjo2MDAwMDAwMDAwMDAsImRlbGV0ZSI6MTIwMDAwMDAwMDAwMH0sInNjaGVtYV92ZXJzaW9uIjoiMSJ9",
          "dependencies": [
            "aws_vpc.main"
          ]
        }
      ]
    },
    {
      "mode": "managed",
      "type": "aws_subnet",
      "name": "public_b",
      "provider": "provider[\"registry.terraform.io/hashicorp/aws\"]",
      "instances": [
        {
          "schema_version": 1,
          "attributes": {
            "arn": "arn:aws:ec2:ap-southeast-2:446180656014:subnet/subnet-017687eb4df315c8d",
            "assign_ipv6_address_on_creation": false,
            "availability_zone": "ap-southeast-2b",
            "availability_zone_id": "apse2-az1",
            "cidr_block": "10.0.2.0/24",
            "customer_owned_ipv4_pool": "",
            "enable_dns64": false,
            "enable_lni_at_device_index": 0,
            "enable_resource_name_dns_a_record_on_launch": false,
            "enable_resource_name_dns_aaaa_record_on_launch": false,
            "id": "subnet-017687eb4df315c8d",
            "ipv6_cidr_block": "",
            "ipv6_cidr_block_association_id": "",
            "ipv6_native": false,
            "map_customer_owned_ip_on_launch": false,
            "map_public_ip_on_launch": true,
            "outpost_arn": "",
            "owner_id": "446180656014",
            "private_dns_hostname_type_on_launch": "ip-name",
            "tags": {
              "Name": "hippocampus-public-b"
            },
            "tags_all": {
              "Name": "hippocampus-public-b"
            },
            "timeouts": null,
            "vpc_id": "vpc-0e26113328d613ca0"
          },
          "sensitive_attributes": [],
          "identity_schema_version": 0,
          "private": "eyJlMmJmYjczMC1lY2FhLTExZTYtOGY4OC0zNDM2M2JjN2M0YzAiOnsiY3JlYXRlIjo2MDAwMDAwMDAwMDAsImRlbGV0ZSI6MTIwMDAwMDAwMDAwMH0sInNjaGVtYV92ZXJzaW9uIjoiMSJ9",
          "dependencies": [
            "aws_vpc.main"
          ]
        }
      ]
    },
    {
      "mode": "managed",
      "type": "aws_vpc",
      "name": "main",
      "provider": "provider[\"registry.terraform.io/hashicorp/aws\"]",
      "instances": [
        {
          "schema_version": 1,
          "attributes": {
            "arn": "arn:aws:ec2:ap-southeast-2:446180656014:vpc/vpc-0e26113328d613ca0",
            "assign_generated_ipv6_cidr_block": false,
            "cidr_block": "10.0.0.0/16",
            "default_network_acl_id": "acl-0ab56633955e622ff",
            "default_route_table_id": "rtb-01190dc642a9fb3b8",
            "default_security_group_id": "sg-0f2da5b119900d436",
            "dhcp_options_id": "dopt-0f0e1b27768c6a888",
            "enable_dns_hostnames": true,
            "enable_dns_support": true,
            "enable_network_address_usage_metrics": false,
            "id": "vpc-0e26113328d613ca0",
            "instance_tenancy": "default",
            "ipv4_ipam_pool_id": null,
            "ipv4_netmask_length": null,
            "ipv6_association_id": "",
            "ipv6_cidr_block": "",
            "ipv6_cidr_block_network_border_group": "",
            "ipv6_ipam_pool_id": "",
            "ipv6_netmask_length": 0,
            "main_route_table_id": "rtb-01190dc642a9fb3b8",
            "owner_id": "446180656014",
            "tags": {
              "Name": "hippocampus-vpc"
            },
            "tags_all": {
              "Name": "hippocampus-vpc"
            }
          },
          "sensitive_attributes": [],
          "identity_schema_version": 0,
          "private": "eyJzY2hlbWFfdmVyc2lvbiI6IjEifQ=="
        }
      ]
    },
    {
      "mode": "managed",
      "type": "random_id",
      "name": "shuffle",
      "provider": "provider[\"registry.terraform.io/hashicorp/random\"]",
      "instances": [
        {
          "schema_version": 0,
          "attributes": {
            "b64_std": "7xpccQ==",
            "b64_url": "7xpccQ",
            "byte_length": 4,
            "dec": "4011482225",
            "hex": "ef1a5c71",
            "id": "7xpccQ",
            "keepers": null,
            "prefix": null
          },
          "sensitive_attributes": [],
          "identity_schema_version": 0
        }
      ]
    }
  ],
  "check_results": null
}
